
Microsoft Visual Studio Solution File, Format Version 12.00
# Visual Studio Version 17
VisualStudioVersion = 17.5.33530.505
MinimumVisualStudioVersion = 10.0.40219.1
Project("{FAE04EC0-301F-11D3-BF4B-00C04F79EFBC}") = "ConMA10_001", "ConMA10_001.csproj", "{0049A82D-4B5D-4D01-9DE0-A8FA597005C0}"
EndProject
Global
	GlobalSection(SolutionConfigurationPlatforms) = preSolution
		Debug|Any CPU = Debug|Any CPU
		Release|Any CPU = Release|Any CPU
	EndGlobalSection
	GlobalSection(ProjectConfigurationPlatforms) = postSolution
		{0049A82D-4B5D-4D01-9DE0-A8FA597005C0}.Debug|Any CPU.ActiveCfg = Debug|Any CPU
		{0049A82D-4B5D-4D01-9DE0-A8FA597005C0}.Debug|Any CPU.Build.0 = Debug|Any CPU
		{0049A82D-4B5D-4D01-9DE0-A8FA597005C0}.Release|Any CPU.ActiveCfg = Release|Any CPU
		{0049A82D-4B5D-4D01-9DE0-A8FA597005C0}.Release|Any CPU.Build.0 = Release|Any CPU
	EndGlobalSection
	GlobalSection(SolutionProperties) = preSolution
		HideSolutionNode = FALSE
	EndGlobalSection
	GlobalSection(ExtensibilityGlobals) = postSolution
		SolutionGuid = {CB312631-071F-457F-9868-6FBFB558AFB3}
	EndGlobalSection
EndGlobal
